
Microsoft Visual Studio Solution File, Format Version 12.00
# Visual Studio 15
VisualStudioVersion = 15.0.27428.2037
MinimumVisualStudioVersion = 10.0.40219.1
Project("{FAE04EC0-301F-11D3-BF4B-00C04F79EFBC}") = "ClientUdpShutdown", "ClientUdpShutdown\ClientUdpShutdown.csproj", "{686424E2-24CD-4D70-A62B-D06A2C50AA95}"
EndProject
Global
	GlobalSection(SolutionConfigurationPlatforms) = preSolution
		Debug|Any CPU = Debug|Any CPU
		Release|Any CPU = Release|Any CPU
	EndGlobalSection
	GlobalSection(ProjectConfigurationPlatforms) = postSolution
		{686424E2-24CD-4D70-A62B-D06A2C50AA95}.Debug|Any CPU.ActiveCfg = Debug|Any CPU
		{686424E2-24CD-4D70-A62B-D06A2C50AA95}.Debug|Any CPU.Build.0 = Debug|Any CPU
		{686424E2-24CD-4D70-A62B-D06A2C50AA95}.Release|Any CPU.ActiveCfg = Release|Any CPU
		{686424E2-24CD-4D70-A62B-D06A2C50AA95}.Release|Any CPU.Build.0 = Release|Any CPU
	EndGlobalSection
	GlobalSection(SolutionProperties) = preSolution
		HideSolutionNode = FALSE
	EndGlobalSection
	GlobalSection(ExtensibilityGlobals) = postSolution
		SolutionGuid = {541D65C3-DB8C-4998-BBD4-EF61C3187B43}
	EndGlobalSection
EndGlobal
